
Microsoft Visual Studio Solution File, Format Version 12.00
# Visual Studio 15
VisualStudioVersion = 15.0.26730.10
MinimumVisualStudioVersion = 10.0.40219.1
Project("{FAE04EC0-301F-11D3-BF4B-00C04F79EFBC}") = "Scheduler.Model", "Sheduler.Model\Scheduler.Model.csproj", "{720542AE-9DE7-4C1D-8561-2910F699EF27}"
EndProject
Project("{FAE04EC0-301F-11D3-BF4B-00C04F79EFBC}") = "Scheduler.Data", "Sheduler.Data\Scheduler.Data.csproj", "{50387733-F427-4D17-BAE7-7B7EF559E7CF}"
EndProject
Project("{FAE04EC0-301F-11D3-BF4B-00C04F79EFBC}") = "Scheduler.API", "Sheduler.API\Scheduler.API.csproj", "{2708A8DF-802F-4E80-ADBD-53951653BBE7}"
EndProject
Global
	GlobalSection(SolutionConfigurationPlatforms) = preSolution
		Debug|Any CPU = Debug|Any CPU
		Release|Any CPU = Release|Any CPU
	EndGlobalSection
	GlobalSection(ProjectConfigurationPlatforms) = postSolution
		{720542AE-9DE7-4C1D-8561-2910F699EF27}.Debug|Any CPU.ActiveCfg = Debug|Any CPU
		{720542AE-9DE7-4C1D-8561-2910F699EF27}.Debug|Any CPU.Build.0 = Debug|Any CPU
		{720542AE-9DE7-4C1D-8561-2910F699EF27}.Release|Any CPU.ActiveCfg = Release|Any CPU
		{720542AE-9DE7-4C1D-8561-2910F699EF27}.Release|Any CPU.Build.0 = Release|Any CPU
		{50387733-F427-4D17-BAE7-7B7EF559E7CF}.Debug|Any CPU.ActiveCfg = Debug|Any CPU
		{50387733-F427-4D17-BAE7-7B7EF559E7CF}.Debug|Any CPU.Build.0 = Debug|Any CPU
		{50387733-F427-4D17-BAE7-7B7EF559E7CF}.Release|Any CPU.ActiveCfg = Release|Any CPU
		{50387733-F427-4D17-BAE7-7B7EF559E7CF}.Release|Any CPU.Build.0 = Release|Any CPU
		{2708A8DF-802F-4E80-ADBD-53951653BBE7}.Debug|Any CPU.ActiveCfg = Debug|Any CPU
		{2708A8DF-802F-4E80-ADBD-53951653BBE7}.Debug|Any CPU.Build.0 = Debug|Any CPU
		{2708A8DF-802F-4E80-ADBD-53951653BBE7}.Release|Any CPU.ActiveCfg = Release|Any CPU
		{2708A8DF-802F-4E80-ADBD-53951653BBE7}.Release|Any CPU.Build.0 = Release|Any CPU
	EndGlobalSection
	GlobalSection(SolutionProperties) = preSolution
		HideSolutionNode = FALSE
	EndGlobalSection
	GlobalSection(ExtensibilityGlobals) = postSolution
		SolutionGuid = {A73D022A-CFD6-4403-9A2F-5C22A243612B}
	EndGlobalSection
EndGlobal
